// !$*UTF8*$!
{
	archiveVersion = 1;
	classes = {
	};
	objectVersion = 50;
	objects = {

/* Begin PBXBuildFile section */
		CB2F0F1A23833BF600F92878 /* MapKit.framework in Frameworks */ = {isa = PBXBuildFile; fileRef = CB2F0F1923833BF600F92878 /* MapKit.framework */; };
		CB3330B7237F49DC001DD11B /* IncidentPhoto.swift in Sources */ = {isa = PBXBuildFile; fileRef = CB3330B6237F49DC001DD11B /* IncidentPhoto.swift */; };
		CB3330B9237F4DEE001DD11B /* DetailViewController.swift in Sources */ = {isa = PBXBuildFile; fileRef = CB3330B8237F4DEE001DD11B /* DetailViewController.swift */; };
		CB75F201237E879200EAA1E5 /* TableViewCell.swift in Sources */ = {isa = PBXBuildFile; fileRef = CB75F200237E879200EAA1E5 /* TableViewCell.swift */; };
		CB75F207237E9B6700EAA1E5 /* MapViewController.swift in Sources */ = {isa = PBXBuildFile; fileRef = CB75F206237E9B6700EAA1E5 /* MapViewController.swift */; };
		CBD4C6FB2379F1A3003B7FC4 /* AppDelegate.swift in Sources */ = {isa = PBXBuildFile; fileRef = CBD4C6FA2379F1A3003B7FC4 /* AppDelegate.swift */; };
		CBD4C6FD2379F1A3003B7FC4 /* SceneDelegate.swift in Sources */ = {isa = PBXBuildFile; fileRef = CBD4C6FC2379F1A3003B7FC4 /* SceneDelegate.swift */; };
		CBD4C6FF2379F1A3003B7FC4 /* ListViewController.swift in Sources */ = {isa = PBXBuildFile; fileRef = CBD4C6FE2379F1A3003B7FC4 /* ListViewController.swift */; };
		CBD4C7022379F1A3003B7FC4 /* Main.storyboard in Resources */ = {isa = PBXBuildFile; fileRef = CBD4C7002379F1A3003B7FC4 /* Main.storyboard */; };
		CBD4C7042379F1A5003B7FC4 /* Assets.xcassets in Resources */ = {isa = PBXBuildFile; fileRef = CBD4C7032379F1A5003B7FC4 /* Assets.xcassets */; };
		CBD4C7072379F1A5003B7FC4 /* LaunchScreen.storyboard in Resources */ = {isa = PBXBuildFile; fileRef = CBD4C7052379F1A5003B7FC4 /* LaunchScreen.storyboard */; };
		CBD4C70F2379F268003B7FC4 /* Incident.swift in Sources */ = {isa = PBXBuildFile; fileRef = CBD4C70E2379F268003B7FC4 /* Incident.swift */; };
		CBD4C7132379F44F003B7FC4 /* IncidentRequest.swift in Sources */ = {isa = PBXBuildFile; fileRef = CBD4C7122379F44F003B7FC4 /* IncidentRequest.swift */; };
/* End PBXBuildFile section */

/* Begin PBXFileReference section */
		CB2F0F1923833BF600F92878 /* MapKit.framework */ = {isa = PBXFileReference; lastKnownFileType = wrapper.framework; name = MapKit.framework; path = System/Library/Frameworks/MapKit.framework; sourceTree = SDKROOT; };
		CB3330B6237F49DC001DD11B /* IncidentPhoto.swift */ = {isa = PBXFileReference; lastKnownFileType = sourcecode.swift; path = IncidentPhoto.swift; sourceTree = "<group>"; };
		CB3330B8237F4DEE001DD11B /* DetailViewController.swift */ = {isa = PBXFileReference; lastKnownFileType = sourcecode.swift; path = DetailViewController.swift; sourceTree = "<group>"; };
		CB75F200237E879200EAA1E5 /* TableViewCell.swift */ = {isa = PBXFileReference; lastKnownFileType = sourcecode.swift; path = TableViewCell.swift; sourceTree = "<group>"; };
		CB75F206237E9B6700EAA1E5 /* MapViewController.swift */ = {isa = PBXFileReference; lastKnownFileType = sourcecode.swift; path = MapViewController.swift; sourceTree = "<group>"; };
		CBD4C6F72379F1A3003B7FC4 /* ChicagoWatch.app */ = {isa = PBXFileReference; explicitFileType = wrapper.application; includeInIndex = 0; path = ChicagoWatch.app; sourceTree = BUILT_PRODUCTS_DIR; };
		CBD4C6FA2379F1A3003B7FC4 /* AppDelegate.swift */ = {isa = PBXFileReference; lastKnownFileType = sourcecode.swift; path = AppDelegate.swift; sourceTree = "<group>"; };
		CBD4C6FC2379F1A3003B7FC4 /* SceneDelegate.swift */ = {isa = PBXFileReference; lastKnownFileType = sourcecode.swift; path = SceneDelegate.swift; sourceTree = "<group>"; };
		CBD4C6FE2379F1A3003B7FC4 /* ListViewController.swift */ = {isa = PBXFileReference; lastKnownFileType = sourcecode.swift; path = ListViewController.swift; sourceTree = "<group>"; };
		CBD4C7012379F1A3003B7FC4 /* Base */ = {isa = PBXFileReference; lastKnownFileType = file.storyboard; name = Base; path = Base.lproj/Main.storyboard; sourceTree = "<group>"; };
		CBD4C7032379F1A5003B7FC4 /* Assets.xcassets */ = {isa = PBXFileReference; lastKnownFileType = folder.assetcatalog; path = Assets.xcassets; sourceTree = "<group>"; };
		CBD4C7062379F1A5003B7FC4 /* Base */ = {isa = PBXFileReference; lastKnownFileType = file.storyboard; name = Base; path = Base.lproj/LaunchScreen.storyboard; sourceTree = "<group>"; };
		CBD4C7082379F1A5003B7FC4 /* Info.plist */ = {isa = PBXFileReference; lastKnownFileType = text.plist.xml; path = Info.plist; sourceTree = "<group>"; };
		CBD4C70E2379F268003B7FC4 /* Incident.swift */ = {isa = PBXFileReference; lastKnownFileType = sourcecode.swift; path = Incident.swift; sourceTree = "<group>"; };
		CBD4C7122379F44F003B7FC4 /* IncidentRequest.swift */ = {isa = PBXFileReference; lastKnownFileType = sourcecode.swift; path = IncidentRequest.swift; sourceTree = "<group>"; };
/* End PBXFileReference section */

/* Begin PBXFrameworksBuildPhase section */
		CBD4C6F42379F1A3003B7FC4 /* Frameworks */ = {
			isa = PBXFrameworksBuildPhase;
			buildActionMask = 2147483647;
			files = (
				CB2F0F1A23833BF600F92878 /* MapKit.framework in Frameworks */,
			);
			runOnlyForDeploymentPostprocessing = 0;
		};
/* End PBXFrameworksBuildPhase section */

/* Begin PBXGroup section */
		CB2F0F1823833BF600F92878 /* Frameworks */ = {
			isa = PBXGroup;
			children = (
				CB2F0F1923833BF600F92878 /* MapKit.framework */,
			);
			name = Frameworks;
			sourceTree = "<group>";
		};
		CBD4C6EE2379F1A3003B7FC4 = {
			isa = PBXGroup;
			children = (
				CBD4C6F92379F1A3003B7FC4 /* ChicagoWatch */,
				CBD4C6F82379F1A3003B7FC4 /* Products */,
				CB2F0F1823833BF600F92878 /* Frameworks */,
			);
			sourceTree = "<group>";
		};
		CBD4C6F82379F1A3003B7FC4 /* Products */ = {
			isa = PBXGroup;
			children = (
				CBD4C6F72379F1A3003B7FC4 /* ChicagoWatch.app */,
			);
			name = Products;
			sourceTree = "<group>";
		};
		CBD4C6F92379F1A3003B7FC4 /* ChicagoWatch */ = {
			isa = PBXGroup;
			children = (
				CB75F206237E9B6700EAA1E5 /* MapViewController.swift */,
				CBD4C6FA2379F1A3003B7FC4 /* AppDelegate.swift */,
				CBD4C6FC2379F1A3003B7FC4 /* SceneDelegate.swift */,
				CBD4C6FE2379F1A3003B7FC4 /* ListViewController.swift */,
				CB3330B8237F4DEE001DD11B /* DetailViewController.swift */,
				CBD4C7002379F1A3003B7FC4 /* Main.storyboard */,
				CB75F200237E879200EAA1E5 /* TableViewCell.swift */,
				CBD4C7032379F1A5003B7FC4 /* Assets.xcassets */,
				CBD4C7052379F1A5003B7FC4 /* LaunchScreen.storyboard */,
				CBD4C7082379F1A5003B7FC4 /* Info.plist */,
				CBD4C70E2379F268003B7FC4 /* Incident.swift */,
				CBD4C7122379F44F003B7FC4 /* IncidentRequest.swift */,
				CB3330B6237F49DC001DD11B /* IncidentPhoto.swift */,
			);
			path = ChicagoWatch;
			sourceTree = "<group>";
		};
/* End PBXGroup section */

/* Begin PBXNativeTarget section */
		CBD4C6F62379F1A3003B7FC4 /* ChicagoWatch */ = {
			isa = PBXNativeTarget;
			buildConfigurationList = CBD4C70B2379F1A5003B7FC4 /* Build configuration list for PBXNativeTarget "ChicagoWatch" */;
			buildPhases = (
				CBD4C6F32379F1A3003B7FC4 /* Sources */,
				CBD4C6F42379F1A3003B7FC4 /* Frameworks */,
				CBD4C6F52379F1A3003B7FC4 /* Resources */,
			);
			buildRules = (
			);
			dependencies = (
			);
			name = ChicagoWatch;
			productName = ChicagoWatch;
			productReference = CBD4C6F72379F1A3003B7FC4 /* ChicagoWatch.app */;
			productType = "com.apple.product-type.application";
		};
/* End PBXNativeTarget section */

/* Begin PBXProject section */
		CBD4C6EF2379F1A3003B7FC4 /* Project object */ = {
			isa = PBXProject;
			attributes = {
				LastSwiftUpdateCheck = 1120;
				LastUpgradeCheck = 1120;
				ORGANIZATIONNAME = "Bruno Conti";
				TargetAttributes = {
					CBD4C6F62379F1A3003B7FC4 = {
						CreatedOnToolsVersion = 11.2;
					};
				};
			};
			buildConfigurationList = CBD4C6F22379F1A3003B7FC4 /* Build configuration list for PBXProject "ChicagoWatch" */;
			compatibilityVersion = "Xcode 9.3";
			developmentRegion = en;
			hasScannedForEncodings = 0;
			knownRegions = (
				en,
				Base,
			);
			mainGroup = CBD4C6EE2379F1A3003B7FC4;
			productRefGroup = CBD4C6F82379F1A3003B7FC4 /* Products */;
			projectDirPath = "";
			projectRoot = "";
			targets = (
				CBD4C6F62379F1A3003B7FC4 /* ChicagoWatch */,
			);
		};
/* End PBXProject section */

/* Begin PBXResourcesBuildPhase section */
		CBD4C6F52379F1A3003B7FC4 /* Resources */ = {
			isa = PBXResourcesBuildPhase;
			buildActionMask = 2147483647;
			files = (
				CBD4C7072379F1A5003B7FC4 /* LaunchScreen.storyboard in Resources */,
				CBD4C7042379F1A5003B7FC4 /* Assets.xcassets in Resources */,
				CBD4C7022379F1A3003B7FC4 /* Main.storyboard in Resources */,
			);
			runOnlyForDeploymentPostprocessing = 0;
		};
/* End PBXResourcesBuildPhase section */

/* Begin PBXSourcesBuildPhase section */
		CBD4C6F32379F1A3003B7FC4 /* Sources */ = {
			isa = PBXSourcesBuildPhase;
			buildActionMask = 2147483647;
			files = (
				CB3330B9237F4DEE001DD11B /* DetailViewController.swift in Sources */,
				CBD4C7132379F44F003B7FC4 /* IncidentRequest.swift in Sources */,
				CBD4C6FF2379F1A3003B7FC4 /* ListViewController.swift in Sources */,
				CBD4C6FB2379F1A3003B7FC4 /* AppDelegate.swift in Sources */,
				CB75F201237E879200EAA1E5 /* TableViewCell.swift in Sources */,
				CBD4C6FD2379F1A3003B7FC4 /* SceneDelegate.swift in Sources */,
				CBD4C70F2379F268003B7FC4 /* Incident.swift in Sources */,
				CB3330B7237F49DC001DD11B /* IncidentPhoto.swift in Sources */,
				CB75F207237E9B6700EAA1E5 /* MapViewController.swift in Sources */,
			);
			runOnlyForDeploymentPostprocessing = 0;
		};
/* End PBXSourcesBuildPhase section */

/* Begin PBXVariantGroup section */
		CBD4C7002379F1A3003B7FC4 /* Main.storyboard */ = {
			isa = PBXVariantGroup;
			children = (
				CBD4C7012379F1A3003B7FC4 /* Base */,
			);
			name = Main.storyboard;
			sourceTree = "<group>";
		};
		CBD4C7052379F1A5003B7FC4 /* LaunchScreen.storyboard */ = {
			isa = PBXVariantGroup;
			children = (
				CBD4C7062379F1A5003B7FC4 /* Base */,
			);
			name = LaunchScreen.storyboard;
			sourceTree = "<group>";
		};
/* End PBXVariantGroup section */

/* Begin XCBuildConfiguration section */
		CBD4C7092379F1A5003B7FC4 /* Debug */ = {
			isa = XCBuildConfiguration;
			buildSettings = {
				ALWAYS_SEARCH_USER_PATHS = NO;
				CLANG_ANALYZER_NONNULL = YES;
				CLANG_ANALYZER_NUMBER_OBJECT_CONVERSION = YES_AGGRESSIVE;
				CLANG_CXX_LANGUAGE_STANDARD = "gnu++14";
				CLANG_CXX_LIBRARY = "libc++";
				CLANG_ENABLE_MODULES = YES;
				CLANG_ENABLE_OBJC_ARC = YES;
				CLANG_ENABLE_OBJC_WEAK = YES;
				CLANG_WARN_BLOCK_CAPTURE_AUTORELEASING = YES;
				CLANG_WARN_BOOL_CONVERSION = YES;
				CLANG_WARN_COMMA = YES;
				CLANG_WARN_CONSTANT_CONVERSION = YES;
				CLANG_WARN_DEPRECATED_OBJC_IMPLEMENTATIONS = YES;
				CLANG_WARN_DIRECT_OBJC_ISA_USAGE = YES_ERROR;
				CLANG_WARN_DOCUMENTATION_COMMENTS = YES;
				CLANG_WARN_EMPTY_BODY = YES;
				CLANG_WARN_ENUM_CONVERSION = YES;
				CLANG_WARN_INFINITE_RECURSION = YES;
				CLANG_WARN_INT_CONVERSION = YES;
				CLANG_WARN_NON_LITERAL_NULL_CONVERSION = YES;
				CLANG_WARN_OBJC_IMPLICIT_RETAIN_SELF = YES;
				CLANG_WARN_OBJC_LITERAL_CONVERSION = YES;
				CLANG_WARN_OBJC_ROOT_CLASS = YES_ERROR;
				CLANG_WARN_RANGE_LOOP_ANALYSIS = YES;
				CLANG_WARN_STRICT_PROTOTYPES = YES;
				CLANG_WARN_SUSPICIOUS_MOVE = YES;
				CLANG_WARN_UNGUARDED_AVAILABILITY = YES_AGGRESSIVE;
				CLANG_WARN_UNREACHABLE_CODE = YES;
				CLANG_WARN__DUPLICATE_METHOD_MATCH = YES;
				COPY_PHASE_STRIP = NO;
				DEBUG_INFORMATION_FORMAT = dwarf;
				ENABLE_STRICT_OBJC_MSGSEND = YES;
				ENABLE_TESTABILITY = YES;
				GCC_C_LANGUAGE_STANDARD = gnu11;
				GCC_DYNAMIC_NO_PIC = NO;
				GCC_NO_COMMON_BLOCKS = YES;
				GCC_OPTIMIZATION_LEVEL = 0;
				GCC_PREPROCESSOR_DEFINITIONS = (
					"DEBUG=1",
					"$(inherited)",
				);
				GCC_WARN_64_TO_32_BIT_CONVERSION = YES;
				GCC_WARN_ABOUT_RETURN_TYPE = YES_ERROR;
				GCC_WARN_UNDECLARED_SELECTOR = YES;
				GCC_WARN_UNINITIALIZED_AUTOS = YES_AGGRESSIVE;
				GCC_WARN_UNUSED_FUNCTION = YES;
				GCC_WARN_UNUSED_VARIABLE = YES;
				IPHONEOS_DEPLOYMENT_TARGET = 13.2;
				MTL_ENABLE_DEBUG_INFO = INCLUDE_SOURCE;
				MTL_FAST_MATH = YES;
				ONLY_ACTIVE_ARCH = YES;
				SDKROOT = iphoneos;
				SWIFT_ACTIVE_COMPILATION_CONDITIONS = DEBUG;
				SWIFT_OPTIMIZATION_LEVEL = "-Onone";
			};
			name = Debug;
		};
		CBD4C70A2379F1A5003B7FC4 /* Release */ = {
			isa = XCBuildConfiguration;
			buildSettings = {
				ALWAYS_SEARCH_USER_PATHS = NO;
				CLANG_ANALYZER_NONNULL = YES;
				CLANG_ANALYZER_NUMBER_OBJECT_CONVERSION = YES_AGGRESSIVE;
				CLANG_CXX_LANGUAGE_STANDARD = "gnu++14";
				CLANG_CXX_LIBRARY = "libc++";
				CLANG_ENABLE_MODULES = YES;
				CLANG_ENABLE_OBJC_ARC = YES;
				CLANG_ENABLE_OBJC_WEAK = YES;
				CLANG_WARN_BLOCK_CAPTURE_AUTORELEASING = YES;
				CLANG_WARN_BOOL_CONVERSION = YES;
				CLANG_WARN_COMMA = YES;
				CLANG_WARN_CONSTANT_CONVERSION = YES;
				CLANG_WARN_DEPRECATED_OBJC_IMPLEMENTATIONS = YES;
				CLANG_WARN_DIRECT_OBJC_ISA_USAGE = YES_ERROR;
				CLANG_WARN_DOCUMENTATION_COMMENTS = YES;
				CLANG_WARN_EMPTY_BODY = YES;
				CLANG_WARN_ENUM_CONVERSION = YES;
				CLANG_WARN_INFINITE_RECURSION = YES;
				CLANG_WARN_INT_CONVERSION = YES;
				CLANG_WARN_NON_LITERAL_NULL_CONVERSION = YES;
				CLANG_WARN_OBJC_IMPLICIT_RETAIN_SELF = YES;
				CLANG_WARN_OBJC_LITERAL_CONVERSION = YES;
				CLANG_WARN_OBJC_ROOT_CLASS = YES_ERROR;
				CLANG_WARN_RANGE_LOOP_ANALYSIS = YES;
				CLANG_WARN_STRICT_PROTOTYPES = YES;
				CLANG_WARN_SUSPICIOUS_MOVE = YES;
				CLANG_WARN_UNGUARDED_AVAILABILITY = YES_AGGRESSIVE;
				CLANG_WARN_UNREACHABLE_CODE = YES;
				CLANG_WARN__DUPLICATE_METHOD_MATCH = YES;
				COPY_PHASE_STRIP = NO;
				DEBUG_INFORMATION_FORMAT = "dwarf-with-dsym";
				ENABLE_NS_ASSERTIONS = NO;
				ENABLE_STRICT_OBJC_MSGSEND = YES;
				GCC_C_LANGUAGE_STANDARD = gnu11;
				GCC_NO_COMMON_BLOCKS = YES;
				GCC_WARN_64_TO_32_BIT_CONVERSION = YES;
				GCC_WARN_ABOUT_RETURN_TYPE = YES_ERROR;
				GCC_WARN_UNDECLARED_SELECTOR = YES;
				GCC_WARN_UNINITIALIZED_AUTOS = YES_AGGRESSIVE;
				GCC_WARN_UNUSED_FUNCTION = YES;
				GCC_WARN_UNUSED_VARIABLE = YES;
				IPHONEOS_DEPLOYMENT_TARGET = 13.2;
				MTL_ENABLE_DEBUG_INFO = NO;
				MTL_FAST_MATH = YES;
				SDKROOT = iphoneos;
				SWIFT_COMPILATION_MODE = wholemodule;
				SWIFT_OPTIMIZATION_LEVEL = "-O";
				VALIDATE_PRODUCT = YES;
			};
			name = Release;
		};
		CBD4C70C2379F1A5003B7FC4 /* Debug */ = {
			isa = XCBuildConfiguration;
			buildSettings = {
				ASSETCATALOG_COMPILER_APPICON_NAME = AppIcon;
				CODE_SIGN_STYLE = Automatic;
				INFOPLIST_FILE = ChicagoWatch/Info.plist;
				LD_RUNPATH_SEARCH_PATHS = (
					"$(inherited)",
					"@executable_path/Frameworks",
				);
				PRODUCT_BUNDLE_IDENTIFIER = com.bc0nt13.ChicagoWatch;
				PRODUCT_NAME = "$(TARGET_NAME)";
				SWIFT_VERSION = 5.0;
				TARGETED_DEVICE_FAMILY = 1;
			};
			name = Debug;
		};
		CBD4C70D2379F1A5003B7FC4 /* Release */ = {
			isa = XCBuildConfiguration;
			buildSettings = {
				ASSETCATALOG_COMPILER_APPICON_NAME = AppIcon;
				CODE_SIGN_STYLE = Automatic;
				INFOPLIST_FILE = ChicagoWatch/Info.plist;
				LD_RUNPATH_SEARCH_PATHS = (
					"$(inherited)",
					"@executable_path/Frameworks",
				);
				PRODUCT_BUNDLE_IDENTIFIER = com.bc0nt13.ChicagoWatch;
				PRODUCT_NAME = "$(TARGET_NAME)";
				SWIFT_VERSION = 5.0;
				TARGETED_DEVICE_FAMILY = 1;
			};
			name = Release;
		};
/* End XCBuildConfiguration section */

/* Begin XCConfigurationList section */
		CBD4C6F22379F1A3003B7FC4 /* Build configuration list for PBXProject "ChicagoWatch" */ = {
			isa = XCConfigurationList;
			buildConfigurations = (
				CBD4C7092379F1A5003B7FC4 /* Debug */,
				CBD4C70A2379F1A5003B7FC4 /* Release */,
			);
			defaultConfigurationIsVisible = 0;
			defaultConfigurationName = Release;
		};
		CBD4C70B2379F1A5003B7FC4 /* Build configuration list for PBXNativeTarget "ChicagoWatch" */ = {
			isa = XCConfigurationList;
			buildConfigurations = (
				CBD4C70C2379F1A5003B7FC4 /* Debug */,
				CBD4C70D2379F1A5003B7FC4 /* Release */,
			);
			defaultConfigurationIsVisible = 0;
			defaultConfigurationName = Release;
		};
/* End XCConfigurationList section */
	};
	rootObject = CBD4C6EF2379F1A3003B7FC4 /* Project object */;
}
